// !$*UTF8*$!
{
	archiveVersion = 1;
	classes = {
	};
	objectVersion = 48;
	objects = {

/* Begin PBXBuildFile section */
		160C351F23A57702008DF271 /* internal_gene_list.cpp in Sources */ = {isa = PBXBuildFile; fileRef = 160C351D23A57702008DF271 /* internal_gene_list.cpp */; };
		160C352223A74289008DF271 /* genome.cpp in Sources */ = {isa = PBXBuildFile; fileRef = 160C352023A74289008DF271 /* genome.cpp */; };
		1616B9CF23A19C27000D2288 /* main.cpp in Sources */ = {isa = PBXBuildFile; fileRef = 1616B9CE23A19C27000D2288 /* main.cpp */; };
		1616B9D923A19C8E000D2288 /* substrate.cpp in Sources */ = {isa = PBXBuildFile; fileRef = 1616B9D723A19C8E000D2288 /* substrate.cpp */; };
		16F8D33223A210700030ABAE /* Rand_Gen.cpp in Sources */ = {isa = PBXBuildFile; fileRef = 16F8D33023A20F750030ABAE /* Rand_Gen.cpp */; };
		16F8D33923A216B70030ABAE /* weight_generator.cpp in Sources */ = {isa = PBXBuildFile; fileRef = 16F8D33723A216B70030ABAE /* weight_generator.cpp */; };
		16F8D33D23A2D7C10030ABAE /* linker.cpp in Sources */ = {isa = PBXBuildFile; fileRef = 16F8D33B23A2D7C10030ABAE /* linker.cpp */; };
/* End PBXBuildFile section */

/* Begin PBXCopyFilesBuildPhase section */
		1616B9C923A19C27000D2288 /* CopyFiles */ = {
			isa = PBXCopyFilesBuildPhase;
			buildActionMask = 2147483647;
			dstPath = /usr/share/man/man1/;
			dstSubfolderSpec = 0;
			files = (
			);
			runOnlyForDeploymentPostprocessing = 1;
		};
/* End PBXCopyFilesBuildPhase section */

/* Begin PBXFileReference section */
		160C351D23A57702008DF271 /* internal_gene_list.cpp */ = {isa = PBXFileReference; lastKnownFileType = sourcecode.cpp.cpp; path = internal_gene_list.cpp; sourceTree = "<group>"; };
		160C351E23A57702008DF271 /* internal_gene_list.hpp */ = {isa = PBXFileReference; lastKnownFileType = sourcecode.cpp.h; path = internal_gene_list.hpp; sourceTree = "<group>"; };
		160C352023A74289008DF271 /* genome.cpp */ = {isa = PBXFileReference; lastKnownFileType = sourcecode.cpp.cpp; path = genome.cpp; sourceTree = "<group>"; };
		160C352123A74289008DF271 /* genome.hpp */ = {isa = PBXFileReference; lastKnownFileType = sourcecode.cpp.h; path = genome.hpp; sourceTree = "<group>"; };
		1616B9CB23A19C27000D2288 /* sub_network_test3 */ = {isa = PBXFileReference; explicitFileType = "compiled.mach-o.executable"; includeInIndex = 0; path = sub_network_test3; sourceTree = BUILT_PRODUCTS_DIR; };
		1616B9CE23A19C27000D2288 /* main.cpp */ = {isa = PBXFileReference; lastKnownFileType = sourcecode.cpp.cpp; path = main.cpp; sourceTree = "<group>"; };
		1616B9D723A19C8E000D2288 /* substrate.cpp */ = {isa = PBXFileReference; lastKnownFileType = sourcecode.cpp.cpp; path = substrate.cpp; sourceTree = "<group>"; };
		1616B9D823A19C8E000D2288 /* substrate.hpp */ = {isa = PBXFileReference; lastKnownFileType = sourcecode.cpp.h; path = substrate.hpp; sourceTree = "<group>"; };
		16F8D33023A20F750030ABAE /* Rand_Gen.cpp */ = {isa = PBXFileReference; lastKnownFileType = sourcecode.cpp.cpp; path = Rand_Gen.cpp; sourceTree = "<group>"; };
		16F8D33123A20F750030ABAE /* Rand_Gen.hpp */ = {isa = PBXFileReference; lastKnownFileType = sourcecode.cpp.h; path = Rand_Gen.hpp; sourceTree = "<group>"; };
		16F8D33423A2122A0030ABAE /* mutation_values.hpp */ = {isa = PBXFileReference; lastKnownFileType = sourcecode.cpp.h; path = mutation_values.hpp; sourceTree = "<group>"; };
		16F8D33723A216B70030ABAE /* weight_generator.cpp */ = {isa = PBXFileReference; lastKnownFileType = sourcecode.cpp.cpp; path = weight_generator.cpp; sourceTree = "<group>"; };
		16F8D33823A216B70030ABAE /* weight_generator.hpp */ = {isa = PBXFileReference; lastKnownFileType = sourcecode.cpp.h; path = weight_generator.hpp; sourceTree = "<group>"; };
		16F8D33B23A2D7C10030ABAE /* linker.cpp */ = {isa = PBXFileReference; lastKnownFileType = sourcecode.cpp.cpp; path = linker.cpp; sourceTree = "<group>"; };
		16F8D33C23A2D7C10030ABAE /* linker.hpp */ = {isa = PBXFileReference; lastKnownFileType = sourcecode.cpp.h; path = linker.hpp; sourceTree = "<group>"; };
/* End PBXFileReference section */

/* Begin PBXFrameworksBuildPhase section */
		1616B9C823A19C27000D2288 /* Frameworks */ = {
			isa = PBXFrameworksBuildPhase;
			buildActionMask = 2147483647;
			files = (
			);
			runOnlyForDeploymentPostprocessing = 0;
		};
/* End PBXFrameworksBuildPhase section */

/* Begin PBXGroup section */
		160C350723A33C9C008DF271 /* genome */ = {
			isa = PBXGroup;
			children = (
				160C352123A74289008DF271 /* genome.hpp */,
				160C352023A74289008DF271 /* genome.cpp */,
				160C351C23A576E4008DF271 /* internal_gene */,
				160C352323A7429C008DF271 /* gene_content */,
			);
			path = genome;
			sourceTree = "<group>";
		};
		160C351C23A576E4008DF271 /* internal_gene */ = {
			isa = PBXGroup;
			children = (
				160C351E23A57702008DF271 /* internal_gene_list.hpp */,
				160C351D23A57702008DF271 /* internal_gene_list.cpp */,
			);
			path = internal_gene;
			sourceTree = "<group>";
		};
		160C352323A7429C008DF271 /* gene_content */ = {
			isa = PBXGroup;
			children = (
				16F8D33623A215940030ABAE /* weight_generator */,
				16F8D33A23A2D7010030ABAE /* linker */,
			);
			path = gene_content;
			sourceTree = "<group>";
		};
		1616B9C223A19C27000D2288 = {
			isa = PBXGroup;
			children = (
				1616B9CD23A19C27000D2288 /* sub_network_test3 */,
				16F8D32F23A20F750030ABAE /* Random_Generator */,
				1616B9CC23A19C27000D2288 /* Products */,
			);
			sourceTree = "<group>";
		};
		1616B9CC23A19C27000D2288 /* Products */ = {
			isa = PBXGroup;
			children = (
				1616B9CB23A19C27000D2288 /* sub_network_test3 */,
			);
			name = Products;
			sourceTree = "<group>";
		};
		1616B9CD23A19C27000D2288 /* sub_network_test3 */ = {
			isa = PBXGroup;
			children = (
				1616B9CE23A19C27000D2288 /* main.cpp */,
				16F8D33423A2122A0030ABAE /* mutation_values.hpp */,
				160C350723A33C9C008DF271 /* genome */,
			);
			path = sub_network_test3;
			sourceTree = "<group>";
		};
		1616B9D623A19C3A000D2288 /* substrate */ = {
			isa = PBXGroup;
			children = (
				1616B9D823A19C8E000D2288 /* substrate.hpp */,
				1616B9D723A19C8E000D2288 /* substrate.cpp */,
			);
			path = substrate;
			sourceTree = "<group>";
		};
		16F8D32F23A20F750030ABAE /* Random_Generator */ = {
			isa = PBXGroup;
			children = (
				16F8D33123A20F750030ABAE /* Rand_Gen.hpp */,
				16F8D33023A20F750030ABAE /* Rand_Gen.cpp */,
			);
			path = Random_Generator;
			sourceTree = "<group>";
		};
		16F8D33623A215940030ABAE /* weight_generator */ = {
			isa = PBXGroup;
			children = (
				16F8D33823A216B70030ABAE /* weight_generator.hpp */,
				16F8D33723A216B70030ABAE /* weight_generator.cpp */,
				1616B9D623A19C3A000D2288 /* substrate */,
			);
			path = weight_generator;
			sourceTree = "<group>";
		};
		16F8D33A23A2D7010030ABAE /* linker */ = {
			isa = PBXGroup;
			children = (
				16F8D33C23A2D7C10030ABAE /* linker.hpp */,
				16F8D33B23A2D7C10030ABAE /* linker.cpp */,
			);
			path = linker;
			sourceTree = "<group>";
		};
/* End PBXGroup section */

/* Begin PBXNativeTarget section */
		1616B9CA23A19C27000D2288 /* sub_network_test3 */ = {
			isa = PBXNativeTarget;
			buildConfigurationList = 1616B9D223A19C27000D2288 /* Build configuration list for PBXNativeTarget "sub_network_test3" */;
			buildPhases = (
				1616B9C723A19C27000D2288 /* Sources */,
				1616B9C823A19C27000D2288 /* Frameworks */,
				1616B9C923A19C27000D2288 /* CopyFiles */,
			);
			buildRules = (
			);
			dependencies = (
			);
			name = sub_network_test3;
			productName = sub_network_test3;
			productReference = 1616B9CB23A19C27000D2288 /* sub_network_test3 */;
			productType = "com.apple.product-type.tool";
		};
/* End PBXNativeTarget section */

/* Begin PBXProject section */
		1616B9C323A19C27000D2288 /* Project object */ = {
			isa = PBXProject;
			attributes = {
				LastUpgradeCheck = 0910;
				ORGANIZATIONNAME = "Karanbir S. Bains";
				TargetAttributes = {
					1616B9CA23A19C27000D2288 = {
						CreatedOnToolsVersion = 9.1;
						ProvisioningStyle = Automatic;
					};
				};
			};
			buildConfigurationList = 1616B9C623A19C27000D2288 /* Build configuration list for PBXProject "sub_network_test3" */;
			compatibilityVersion = "Xcode 8.0";
			developmentRegion = en;
			hasScannedForEncodings = 0;
			knownRegions = (
				en,
			);
			mainGroup = 1616B9C223A19C27000D2288;
			productRefGroup = 1616B9CC23A19C27000D2288 /* Products */;
			projectDirPath = "";
			projectRoot = "";
			targets = (
				1616B9CA23A19C27000D2288 /* sub_network_test3 */,
			);
		};
/* End PBXProject section */

/* Begin PBXSourcesBuildPhase section */
		1616B9C723A19C27000D2288 /* Sources */ = {
			isa = PBXSourcesBuildPhase;
			buildActionMask = 2147483647;
			files = (
				16F8D33223A210700030ABAE /* Rand_Gen.cpp in Sources */,
				1616B9D923A19C8E000D2288 /* substrate.cpp in Sources */,
				160C351F23A57702008DF271 /* internal_gene_list.cpp in Sources */,
				16F8D33D23A2D7C10030ABAE /* linker.cpp in Sources */,
				160C352223A74289008DF271 /* genome.cpp in Sources */,
				1616B9CF23A19C27000D2288 /* main.cpp in Sources */,
				16F8D33923A216B70030ABAE /* weight_generator.cpp in Sources */,
			);
			runOnlyForDeploymentPostprocessing = 0;
		};
/* End PBXSourcesBuildPhase section */

/* Begin XCBuildConfiguration section */
		1616B9D023A19C27000D2288 /* Debug */ = {
			isa = XCBuildConfiguration;
			buildSettings = {
				ALWAYS_SEARCH_USER_PATHS = NO;
				CLANG_ANALYZER_NONNULL = YES;
				CLANG_ANALYZER_NUMBER_OBJECT_CONVERSION = YES_AGGRESSIVE;
				CLANG_CXX_LANGUAGE_STANDARD = "gnu++14";
				CLANG_CXX_LIBRARY = "libc++";
				CLANG_ENABLE_MODULES = YES;
				CLANG_ENABLE_OBJC_ARC = YES;
				CLANG_WARN_BLOCK_CAPTURE_AUTORELEASING = YES;
				CLANG_WARN_BOOL_CONVERSION = YES;
				CLANG_WARN_COMMA = YES;
				CLANG_WARN_CONSTANT_CONVERSION = YES;
				CLANG_WARN_DIRECT_OBJC_ISA_USAGE = YES_ERROR;
				CLANG_WARN_DOCUMENTATION_COMMENTS = YES;
				CLANG_WARN_EMPTY_BODY = YES;
				CLANG_WARN_ENUM_CONVERSION = YES;
				CLANG_WARN_INFINITE_RECURSION = YES;
				CLANG_WARN_INT_CONVERSION = YES;
				CLANG_WARN_NON_LITERAL_NULL_CONVERSION = YES;
				CLANG_WARN_OBJC_LITERAL_CONVERSION = YES;
				CLANG_WARN_OBJC_ROOT_CLASS = YES_ERROR;
				CLANG_WARN_RANGE_LOOP_ANALYSIS = YES;
				CLANG_WARN_STRICT_PROTOTYPES = YES;
				CLANG_WARN_SUSPICIOUS_MOVE = YES;
				CLANG_WARN_UNGUARDED_AVAILABILITY = YES_AGGRESSIVE;
				CLANG_WARN_UNREACHABLE_CODE = YES;
				CLANG_WARN__DUPLICATE_METHOD_MATCH = YES;
				CODE_SIGN_IDENTITY = "-";
				COPY_PHASE_STRIP = NO;
				DEBUG_INFORMATION_FORMAT = dwarf;
				ENABLE_STRICT_OBJC_MSGSEND = YES;
				ENABLE_TESTABILITY = YES;
				GCC_C_LANGUAGE_STANDARD = gnu11;
				GCC_DYNAMIC_NO_PIC = NO;
				GCC_NO_COMMON_BLOCKS = YES;
				GCC_OPTIMIZATION_LEVEL = 0;
				GCC_PREPROCESSOR_DEFINITIONS = (
					"DEBUG=1",
					"$(inherited)",
				);
				GCC_WARN_64_TO_32_BIT_CONVERSION = YES;
				GCC_WARN_ABOUT_RETURN_TYPE = YES_ERROR;
				GCC_WARN_UNDECLARED_SELECTOR = YES;
				GCC_WARN_UNINITIALIZED_AUTOS = YES_AGGRESSIVE;
				GCC_WARN_UNUSED_FUNCTION = YES;
				GCC_WARN_UNUSED_VARIABLE = YES;
				MACOSX_DEPLOYMENT_TARGET = 10.13;
				MTL_ENABLE_DEBUG_INFO = YES;
				ONLY_ACTIVE_ARCH = YES;
				SDKROOT = macosx;
			};
			name = Debug;
		};
		1616B9D123A19C27000D2288 /* Release */ = {
			isa = XCBuildConfiguration;
			buildSettings = {
				ALWAYS_SEARCH_USER_PATHS = NO;
				CLANG_ANALYZER_NONNULL = YES;
				CLANG_ANALYZER_NUMBER_OBJECT_CONVERSION = YES_AGGRESSIVE;
				CLANG_CXX_LANGUAGE_STANDARD = "gnu++14";
				CLANG_CXX_LIBRARY = "libc++";
				CLANG_ENABLE_MODULES = YES;
				CLANG_ENABLE_OBJC_ARC = YES;
				CLANG_WARN_BLOCK_CAPTURE_AUTORELEASING = YES;
				CLANG_WARN_BOOL_CONVERSION = YES;
				CLANG_WARN_COMMA = YES;
				CLANG_WARN_CONSTANT_CONVERSION = YES;
				CLANG_WARN_DIRECT_OBJC_ISA_USAGE = YES_ERROR;
				CLANG_WARN_DOCUMENTATION_COMMENTS = YES;
				CLANG_WARN_EMPTY_BODY = YES;
				CLANG_WARN_ENUM_CONVERSION = YES;
				CLANG_WARN_INFINITE_RECURSION = YES;
				CLANG_WARN_INT_CONVERSION = YES;
				CLANG_WARN_NON_LITERAL_NULL_CONVERSION = YES;
				CLANG_WARN_OBJC_LITERAL_CONVERSION = YES;
				CLANG_WARN_OBJC_ROOT_CLASS = YES_ERROR;
				CLANG_WARN_RANGE_LOOP_ANALYSIS = YES;
				CLANG_WARN_STRICT_PROTOTYPES = YES;
				CLANG_WARN_SUSPICIOUS_MOVE = YES;
				CLANG_WARN_UNGUARDED_AVAILABILITY = YES_AGGRESSIVE;
				CLANG_WARN_UNREACHABLE_CODE = YES;
				CLANG_WARN__DUPLICATE_METHOD_MATCH = YES;
				CODE_SIGN_IDENTITY = "-";
				COPY_PHASE_STRIP = NO;
				DEBUG_INFORMATION_FORMAT = "dwarf-with-dsym";
				ENABLE_NS_ASSERTIONS = NO;
				ENABLE_STRICT_OBJC_MSGSEND = YES;
				GCC_C_LANGUAGE_STANDARD = gnu11;
				GCC_NO_COMMON_BLOCKS = YES;
				GCC_WARN_64_TO_32_BIT_CONVERSION = YES;
				GCC_WARN_ABOUT_RETURN_TYPE = YES_ERROR;
				GCC_WARN_UNDECLARED_SELECTOR = YES;
				GCC_WARN_UNINITIALIZED_AUTOS = YES_AGGRESSIVE;
				GCC_WARN_UNUSED_FUNCTION = YES;
				GCC_WARN_UNUSED_VARIABLE = YES;
				MACOSX_DEPLOYMENT_TARGET = 10.13;
				MTL_ENABLE_DEBUG_INFO = NO;
				SDKROOT = macosx;
			};
			name = Release;
		};
		1616B9D323A19C27000D2288 /* Debug */ = {
			isa = XCBuildConfiguration;
			buildSettings = {
				CLANG_CXX_LANGUAGE_STANDARD = "c++17";
				CODE_SIGN_STYLE = Automatic;
				PRODUCT_NAME = "$(TARGET_NAME)";
			};
			name = Debug;
		};
		1616B9D423A19C27000D2288 /* Release */ = {
			isa = XCBuildConfiguration;
			buildSettings = {
				CLANG_CXX_LANGUAGE_STANDARD = "c++17";
				CODE_SIGN_STYLE = Automatic;
				PRODUCT_NAME = "$(TARGET_NAME)";
			};
			name = Release;
		};
/* End XCBuildConfiguration section */

/* Begin XCConfigurationList section */
		1616B9C623A19C27000D2288 /* Build configuration list for PBXProject "sub_network_test3" */ = {
			isa = XCConfigurationList;
			buildConfigurations = (
				1616B9D023A19C27000D2288 /* Debug */,
				1616B9D123A19C27000D2288 /* Release */,
			);
			defaultConfigurationIsVisible = 0;
			defaultConfigurationName = Release;
		};
		1616B9D223A19C27000D2288 /* Build configuration list for PBXNativeTarget "sub_network_test3" */ = {
			isa = XCConfigurationList;
			buildConfigurations = (
				1616B9D323A19C27000D2288 /* Debug */,
				1616B9D423A19C27000D2288 /* Release */,
			);
			defaultConfigurationIsVisible = 0;
			defaultConfigurationName = Release;
		};
/* End XCConfigurationList section */
	};
	rootObject = 1616B9C323A19C27000D2288 /* Project object */;
}
